apiVersion: inkflow.profile/v1
activeProfile: lync-wechat-tech
resolved:
- id: base-generic-chinese
  version: 1.0.0
  path: profiles/base-generic-chinese
- id: platform-wechat
  version: 0.2.0
  path: profiles/platform-wechat
- id: lync-wechat-tech
  version: 1.0.0
  path: profiles/lync-wechat-tech
resolvedAt: '2026-05-15T05:07:13.492552+00:00'
lockfileVersion: 1
